
Microsoft Visual Studio Solution File, Format Version 12.00
# Visual Studio Version 16
VisualStudioVersion = 16.0.31129.286
MinimumVisualStudioVersion = 10.0.40219.1
Project("{9A19103F-16F7-4668-BE54-9A1E7A4F7556}") = "Web", "FreeCompanyScraper\Web.csproj", "{53C28FC6-FD52-44FD-90FE-5345381CCD40}"
EndProject
Project("{9A19103F-16F7-4668-BE54-9A1E7A4F7556}") = "LodestoneAPI", "LodestoneAPI\LodestoneAPI.csproj", "{74AB4001-4F47-4372-B940-299685800C00}"
EndProject
Project("{9A19103F-16F7-4668-BE54-9A1E7A4F7556}") = "Scraper", "Scraper\Scraper.csproj", "{AE02144B-BE7A-4EE1-BFCA-7A2E9D2B7E27}"
EndProject
Project("{FAE04EC0-301F-11D3-BF4B-00C04F79EFBC}") = "Data", "Data\Data.csproj", "{EB29FC87-A430-4E80-BC91-C863135FA477}"
EndProject
Project("{FAE04EC0-301F-11D3-BF4B-00C04F79EFBC}") = "Domain", "Domain\Domain.csproj", "{918F0093-C7FA-420E-BF73-3A9D9FC6844A}"
EndProject
Project("{FAE04EC0-301F-11D3-BF4B-00C04F79EFBC}") = "Data.Services", "Data.Services\Data.Services.csproj", "{68549CD3-44C5-4D54-8D8E-66A7F38954D7}"
EndProject
Global
	GlobalSection(SolutionConfigurationPlatforms) = preSolution
		Debug|Any CPU = Debug|Any CPU
		Release|Any CPU = Release|Any CPU
	EndGlobalSection
	GlobalSection(ProjectConfigurationPlatforms) = postSolution
		{53C28FC6-FD52-44FD-90FE-5345381CCD40}.Debug|Any CPU.ActiveCfg = Debug|Any CPU
		{53C28FC6-FD52-44FD-90FE-5345381CCD40}.Debug|Any CPU.Build.0 = Debug|Any CPU
		{53C28FC6-FD52-44FD-90FE-5345381CCD40}.Release|Any CPU.ActiveCfg = Release|Any CPU
		{53C28FC6-FD52-44FD-90FE-5345381CCD40}.Release|Any CPU.Build.0 = Release|Any CPU
		{74AB4001-4F47-4372-B940-299685800C00}.Debug|Any CPU.ActiveCfg = Debug|Any CPU
		{74AB4001-4F47-4372-B940-299685800C00}.Debug|Any CPU.Build.0 = Debug|Any CPU
		{74AB4001-4F47-4372-B940-299685800C00}.Release|Any CPU.ActiveCfg = Release|Any CPU
		{74AB4001-4F47-4372-B940-299685800C00}.Release|Any CPU.Build.0 = Release|Any CPU
		{AE02144B-BE7A-4EE1-BFCA-7A2E9D2B7E27}.Debug|Any CPU.ActiveCfg = Debug|Any CPU
		{AE02144B-BE7A-4EE1-BFCA-7A2E9D2B7E27}.Debug|Any CPU.Build.0 = Debug|Any CPU
		{AE02144B-BE7A-4EE1-BFCA-7A2E9D2B7E27}.Release|Any CPU.ActiveCfg = Release|Any CPU
		{AE02144B-BE7A-4EE1-BFCA-7A2E9D2B7E27}.Release|Any CPU.Build.0 = Release|Any CPU
		{EB29FC87-A430-4E80-BC91-C863135FA477}.Debug|Any CPU.ActiveCfg = Debug|Any CPU
		{EB29FC87-A430-4E80-BC91-C863135FA477}.Debug|Any CPU.Build.0 = Debug|Any CPU
		{EB29FC87-A430-4E80-BC91-C863135FA477}.Release|Any CPU.ActiveCfg = Release|Any CPU
		{EB29FC87-A430-4E80-BC91-C863135FA477}.Release|Any CPU.Build.0 = Release|Any CPU
		{918F0093-C7FA-420E-BF73-3A9D9FC6844A}.Debug|Any CPU.ActiveCfg = Debug|Any CPU
		{918F0093-C7FA-420E-BF73-3A9D9FC6844A}.Debug|Any CPU.Build.0 = Debug|Any CPU
		{918F0093-C7FA-420E-BF73-3A9D9FC6844A}.Release|Any CPU.ActiveCfg = Release|Any CPU
		{918F0093-C7FA-420E-BF73-3A9D9FC6844A}.Release|Any CPU.Build.0 = Release|Any CPU
		{68549CD3-44C5-4D54-8D8E-66A7F38954D7}.Debug|Any CPU.ActiveCfg = Debug|Any CPU
		{68549CD3-44C5-4D54-8D8E-66A7F38954D7}.Debug|Any CPU.Build.0 = Debug|Any CPU
		{68549CD3-44C5-4D54-8D8E-66A7F38954D7}.Release|Any CPU.ActiveCfg = Release|Any CPU
		{68549CD3-44C5-4D54-8D8E-66A7F38954D7}.Release|Any CPU.Build.0 = Release|Any CPU
	EndGlobalSection
	GlobalSection(SolutionProperties) = preSolution
		HideSolutionNode = FALSE
	EndGlobalSection
	GlobalSection(ExtensibilityGlobals) = postSolution
		SolutionGuid = {DB041D1A-AAFF-435D-A93D-8BEF45EFFABA}
	EndGlobalSection
EndGlobal
